# This file is automatically @generated by Wally.
# It is not intended for manual editing.
registry = "test"

[[package]]
name = "const/ar-framework"
version = "0.1.0"
dependencies = [["ComplexRegions", "vocksel/complex-regions@0.1.2"], ["Signal", "sleitnick/signal@2.0.1"], ["future", "red-blox/future@1.0.1"]]

[[package]]
name = "red-blox/future"
version = "1.0.1"
dependencies = [["Spawn", "red-blox/spawn@1.1.0"]]

[[package]]
name = "red-blox/spawn"
version = "1.1.0"
dependencies = []

[[package]]
name = "roblox/testez"
version = "0.4.1"
dependencies = []

[[package]]
name = "sleitnick/signal"
version = "2.0.1"
dependencies = []

[[package]]
name = "vocksel/complex-regions"
version = "0.1.2"
dependencies = [["TestEZ", "roblox/testez@0.4.1"]]
